
Microsoft Visual Studio Solution File, Format Version 12.00
# Visual Studio Version 17
VisualStudioVersion = 17.14.37012.4 d17.14
MinimumVisualStudioVersion = 10.0.40219.1
Project("{FAE04EC0-301F-11D3-BF4B-00C04F79EFBC}") = "ConsoleApp1", "ConsoleApp1\ConsoleApp1.csproj", "{FF7D3FF7-D113-4C23-8BB8-BF9278CD9EDE}"
EndProject
Project("{FAE04EC0-301F-11D3-BF4B-00C04F79EFBC}") = "arbol", "..\..\REFORZ_2026-1_T2-main\arbol\arbol.csproj", "{B84FF0E8-712C-B69D-A0D7-41E849D6D085}"
EndProject
Global
	GlobalSection(SolutionConfigurationPlatforms) = preSolution
		Debug|Any CPU = Debug|Any CPU
		Release|Any CPU = Release|Any CPU
	EndGlobalSection
	GlobalSection(ProjectConfigurationPlatforms) = postSolution
		{FF7D3FF7-D113-4C23-8BB8-BF9278CD9EDE}.Debug|Any CPU.ActiveCfg = Debug|Any CPU
		{FF7D3FF7-D113-4C23-8BB8-BF9278CD9EDE}.Debug|Any CPU.Build.0 = Debug|Any CPU
		{FF7D3FF7-D113-4C23-8BB8-BF9278CD9EDE}.Release|Any CPU.ActiveCfg = Release|Any CPU
		{FF7D3FF7-D113-4C23-8BB8-BF9278CD9EDE}.Release|Any CPU.Build.0 = Release|Any CPU
		{B84FF0E8-712C-B69D-A0D7-41E849D6D085}.Debug|Any CPU.ActiveCfg = Debug|Any CPU
		{B84FF0E8-712C-B69D-A0D7-41E849D6D085}.Debug|Any CPU.Build.0 = Debug|Any CPU
		{B84FF0E8-712C-B69D-A0D7-41E849D6D085}.Release|Any CPU.ActiveCfg = Release|Any CPU
		{B84FF0E8-712C-B69D-A0D7-41E849D6D085}.Release|Any CPU.Build.0 = Release|Any CPU
	EndGlobalSection
	GlobalSection(SolutionProperties) = preSolution
		HideSolutionNode = FALSE
	EndGlobalSection
	GlobalSection(ExtensibilityGlobals) = postSolution
		SolutionGuid = {7E1BE626-68C2-4A03-BB60-45F42FA34246}
	EndGlobalSection
EndGlobal
